
Microsoft Visual Studio Solution File, Format Version 12.00
# Visual Studio Version 16
VisualStudioVersion = 16.0.30011.22
MinimumVisualStudioVersion = 10.0.40219.1
Project("{FAE04EC0-301F-11D3-BF4B-00C04F79EFBC}") = "PerboyreApp.Android", "PerboyreApp\PerboyreApp.Android\PerboyreApp.Android.csproj", "{8466C143-1C67-4188-B00B-43C9252406B4}"
EndProject
Project("{FAE04EC0-301F-11D3-BF4B-00C04F79EFBC}") = "PerboyreApp.iOS", "PerboyreApp\PerboyreApp.iOS\PerboyreApp.iOS.csproj", "{091BB02F-2BAA-4DFF-AB5B-A894CE81604B}"
EndProject
Project("{FAE04EC0-301F-11D3-BF4B-00C04F79EFBC}") = "PerboyreApp", "PerboyreApp\PerboyreApp\PerboyreApp.csproj", "{C85E252E-E416-4DB6-81CB-F4615B65C408}"
EndProject
Project("{2150E333-8FDC-42A3-9474-1A3956D46DE8}") = "Solution Items", "Solution Items", "{EF771717-1B0C-401B-BC78-6ED6EFEFEFCF}"
	ProjectSection(SolutionItems) = preProject
		PerboyreApp.sln = PerboyreApp.sln
	EndProjectSection
EndProject
Global
	GlobalSection(SolutionConfigurationPlatforms) = preSolution
		Debug|Any CPU = Debug|Any CPU
		Debug|iPhone = Debug|iPhone
		Debug|iPhoneSimulator = Debug|iPhoneSimulator
		Release|Any CPU = Release|Any CPU
		Release|iPhone = Release|iPhone
		Release|iPhoneSimulator = Release|iPhoneSimulator
	EndGlobalSection
	GlobalSection(ProjectConfigurationPlatforms) = postSolution
		{8466C143-1C67-4188-B00B-43C9252406B4}.Debug|Any CPU.ActiveCfg = Debug|Any CPU
		{8466C143-1C67-4188-B00B-43C9252406B4}.Debug|Any CPU.Build.0 = Debug|Any CPU
		{8466C143-1C67-4188-B00B-43C9252406B4}.Debug|Any CPU.Deploy.0 = Debug|Any CPU
		{8466C143-1C67-4188-B00B-43C9252406B4}.Debug|iPhone.ActiveCfg = Debug|Any CPU
		{8466C143-1C67-4188-B00B-43C9252406B4}.Debug|iPhone.Build.0 = Debug|Any CPU
		{8466C143-1C67-4188-B00B-43C9252406B4}.Debug|iPhone.Deploy.0 = Debug|Any CPU
		{8466C143-1C67-4188-B00B-43C9252406B4}.Debug|iPhoneSimulator.ActiveCfg = Debug|Any CPU
		{8466C143-1C67-4188-B00B-43C9252406B4}.Debug|iPhoneSimulator.Build.0 = Debug|Any CPU
		{8466C143-1C67-4188-B00B-43C9252406B4}.Debug|iPhoneSimulator.Deploy.0 = Debug|Any CPU
		{8466C143-1C67-4188-B00B-43C9252406B4}.Release|Any CPU.ActiveCfg = Release|Any CPU
		{8466C143-1C67-4188-B00B-43C9252406B4}.Release|Any CPU.Build.0 = Release|Any CPU
		{8466C143-1C67-4188-B00B-43C9252406B4}.Release|Any CPU.Deploy.0 = Release|Any CPU
		{8466C143-1C67-4188-B00B-43C9252406B4}.Release|iPhone.ActiveCfg = Release|Any CPU
		{8466C143-1C67-4188-B00B-43C9252406B4}.Release|iPhone.Build.0 = Release|Any CPU
		{8466C143-1C67-4188-B00B-43C9252406B4}.Release|iPhone.Deploy.0 = Release|Any CPU
		{8466C143-1C67-4188-B00B-43C9252406B4}.Release|iPhoneSimulator.ActiveCfg = Release|Any CPU
		{8466C143-1C67-4188-B00B-43C9252406B4}.Release|iPhoneSimulator.Build.0 = Release|Any CPU
		{8466C143-1C67-4188-B00B-43C9252406B4}.Release|iPhoneSimulator.Deploy.0 = Release|Any CPU
		{091BB02F-2BAA-4DFF-AB5B-A894CE81604B}.Debug|Any CPU.ActiveCfg = Debug|iPhone
		{091BB02F-2BAA-4DFF-AB5B-A894CE81604B}.Debug|Any CPU.Build.0 = Debug|iPhone
		{091BB02F-2BAA-4DFF-AB5B-A894CE81604B}.Debug|Any CPU.Deploy.0 = Debug|iPhone
		{091BB02F-2BAA-4DFF-AB5B-A894CE81604B}.Debug|iPhone.ActiveCfg = Debug|iPhone
		{091BB02F-2BAA-4DFF-AB5B-A894CE81604B}.Debug|iPhone.Build.0 = Debug|iPhone
		{091BB02F-2BAA-4DFF-AB5B-A894CE81604B}.Debug|iPhone.Deploy.0 = Debug|iPhone
		{091BB02F-2BAA-4DFF-AB5B-A894CE81604B}.Debug|iPhoneSimulator.ActiveCfg = Debug|iPhoneSimulator
		{091BB02F-2BAA-4DFF-AB5B-A894CE81604B}.Debug|iPhoneSimulator.Build.0 = Debug|iPhoneSimulator
		{091BB02F-2BAA-4DFF-AB5B-A894CE81604B}.Debug|iPhoneSimulator.Deploy.0 = Debug|iPhoneSimulator
		{091BB02F-2BAA-4DFF-AB5B-A894CE81604B}.Release|Any CPU.ActiveCfg = Release|iPhone
		{091BB02F-2BAA-4DFF-AB5B-A894CE81604B}.Release|Any CPU.Build.0 = Release|iPhone
		{091BB02F-2BAA-4DFF-AB5B-A894CE81604B}.Release|Any CPU.Deploy.0 = Release|iPhone
		{091BB02F-2BAA-4DFF-AB5B-A894CE81604B}.Release|iPhone.ActiveCfg = Release|iPhone
		{091BB02F-2BAA-4DFF-AB5B-A894CE81604B}.Release|iPhone.Build.0 = Release|iPhone
		{091BB02F-2BAA-4DFF-AB5B-A894CE81604B}.Release|iPhone.Deploy.0 = Release|iPhone
		{091BB02F-2BAA-4DFF-AB5B-A894CE81604B}.Release|iPhoneSimulator.ActiveCfg = Release|iPhoneSimulator
		{091BB02F-2BAA-4DFF-AB5B-A894CE81604B}.Release|iPhoneSimulator.Build.0 = Release|iPhoneSimulator
		{091BB02F-2BAA-4DFF-AB5B-A894CE81604B}.Release|iPhoneSimulator.Deploy.0 = Release|iPhoneSimulator
		{C85E252E-E416-4DB6-81CB-F4615B65C408}.Debug|Any CPU.ActiveCfg = Debug|Any CPU
		{C85E252E-E416-4DB6-81CB-F4615B65C408}.Debug|Any CPU.Build.0 = Debug|Any CPU
		{C85E252E-E416-4DB6-81CB-F4615B65C408}.Debug|Any CPU.Deploy.0 = Debug|Any CPU
		{C85E252E-E416-4DB6-81CB-F4615B65C408}.Debug|iPhone.ActiveCfg = Debug|Any CPU
		{C85E252E-E416-4DB6-81CB-F4615B65C408}.Debug|iPhone.Build.0 = Debug|Any CPU
		{C85E252E-E416-4DB6-81CB-F4615B65C408}.Debug|iPhone.Deploy.0 = Debug|Any CPU
		{C85E252E-E416-4DB6-81CB-F4615B65C408}.Debug|iPhoneSimulator.ActiveCfg = Debug|Any CPU
		{C85E252E-E416-4DB6-81CB-F4615B65C408}.Debug|iPhoneSimulator.Build.0 = Debug|Any CPU
		{C85E252E-E416-4DB6-81CB-F4615B65C408}.Debug|iPhoneSimulator.Deploy.0 = Debug|Any CPU
		{C85E252E-E416-4DB6-81CB-F4615B65C408}.Release|Any CPU.ActiveCfg = Release|Any CPU
		{C85E252E-E416-4DB6-81CB-F4615B65C408}.Release|Any CPU.Build.0 = Release|Any CPU
		{C85E252E-E416-4DB6-81CB-F4615B65C408}.Release|Any CPU.Deploy.0 = Release|Any CPU
		{C85E252E-E416-4DB6-81CB-F4615B65C408}.Release|iPhone.ActiveCfg = Release|Any CPU
		{C85E252E-E416-4DB6-81CB-F4615B65C408}.Release|iPhone.Build.0 = Release|Any CPU
		{C85E252E-E416-4DB6-81CB-F4615B65C408}.Release|iPhone.Deploy.0 = Release|Any CPU
		{C85E252E-E416-4DB6-81CB-F4615B65C408}.Release|iPhoneSimulator.ActiveCfg = Release|Any CPU
		{C85E252E-E416-4DB6-81CB-F4615B65C408}.Release|iPhoneSimulator.Build.0 = Release|Any CPU
		{C85E252E-E416-4DB6-81CB-F4615B65C408}.Release|iPhoneSimulator.Deploy.0 = Release|Any CPU
	EndGlobalSection
	GlobalSection(SolutionProperties) = preSolution
		HideSolutionNode = FALSE
	EndGlobalSection
	GlobalSection(ExtensibilityGlobals) = postSolution
		SolutionGuid = {841DB297-4F98-4AF1-A593-DBF1BFA74372}
	EndGlobalSection
EndGlobal
